
Microsoft Visual Studio Solution File, Format Version 12.00
# Visual Studio Version 17
VisualStudioVersion = 17.14.36301.6 d17.14
MinimumVisualStudioVersion = 10.0.40219.1
Project("{FAE04EC0-301F-11D3-BF4B-00C04F79EFBC}") = "Proj1", "Proj1\Proj1.csproj", "{8C3C1D9A-5411-4E22-AA10-D64A0A4D4038}"
EndProject
Project("{FAE04EC0-301F-11D3-BF4B-00C04F79EFBC}") = "proj2", "proj2\proj2.csproj", "{0E7FBDE0-52B6-43EB-90EC-85872D72B119}"
EndProject
Project("{FAE04EC0-301F-11D3-BF4B-00C04F79EFBC}") = "proj3", "proj3\proj3.csproj", "{4BED0FEC-CBF6-4A0D-B832-EF8DEFC59230}"
EndProject
Global
	GlobalSection(SolutionConfigurationPlatforms) = preSolution
		Debug|Any CPU = Debug|Any CPU
		Release|Any CPU = Release|Any CPU
	EndGlobalSection
	GlobalSection(ProjectConfigurationPlatforms) = postSolution
		{8C3C1D9A-5411-4E22-AA10-D64A0A4D4038}.Debug|Any CPU.ActiveCfg = Debug|Any CPU
		{8C3C1D9A-5411-4E22-AA10-D64A0A4D4038}.Debug|Any CPU.Build.0 = Debug|Any CPU
		{8C3C1D9A-5411-4E22-AA10-D64A0A4D4038}.Release|Any CPU.ActiveCfg = Release|Any CPU
		{8C3C1D9A-5411-4E22-AA10-D64A0A4D4038}.Release|Any CPU.Build.0 = Release|Any CPU
		{0E7FBDE0-52B6-43EB-90EC-85872D72B119}.Debug|Any CPU.ActiveCfg = Debug|Any CPU
		{0E7FBDE0-52B6-43EB-90EC-85872D72B119}.Debug|Any CPU.Build.0 = Debug|Any CPU
		{0E7FBDE0-52B6-43EB-90EC-85872D72B119}.Release|Any CPU.ActiveCfg = Release|Any CPU
		{0E7FBDE0-52B6-43EB-90EC-85872D72B119}.Release|Any CPU.Build.0 = Release|Any CPU
		{4BED0FEC-CBF6-4A0D-B832-EF8DEFC59230}.Debug|Any CPU.ActiveCfg = Debug|Any CPU
		{4BED0FEC-CBF6-4A0D-B832-EF8DEFC59230}.Debug|Any CPU.Build.0 = Debug|Any CPU
		{4BED0FEC-CBF6-4A0D-B832-EF8DEFC59230}.Release|Any CPU.ActiveCfg = Release|Any CPU
		{4BED0FEC-CBF6-4A0D-B832-EF8DEFC59230}.Release|Any CPU.Build.0 = Release|Any CPU
	EndGlobalSection
	GlobalSection(SolutionProperties) = preSolution
		HideSolutionNode = FALSE
	EndGlobalSection
	GlobalSection(ExtensibilityGlobals) = postSolution
		SolutionGuid = {D00A2B17-FC8B-4524-ADE7-357AAEA0F1FF}
	EndGlobalSection
EndGlobal
